
Microsoft Visual Studio Solution File, Format Version 12.00
# Visual Studio Version 17
VisualStudioVersion = 17.0.31717.71
MinimumVisualStudioVersion = 10.0.40219.1
Project("{FAE04EC0-301F-11D3-BF4B-00C04F79EFBC}") = "Dierenartsenpraktijk", "Dierenartsenpraktijk\Dierenartsenpraktijk.csproj", "{224B5EDC-68C4-446F-AE7E-8D27D5DD5F90}"
EndProject
Global
	GlobalSection(SolutionConfigurationPlatforms) = preSolution
		Debug|Any CPU = Debug|Any CPU
		Release|Any CPU = Release|Any CPU
	EndGlobalSection
	GlobalSection(ProjectConfigurationPlatforms) = postSolution
		{224B5EDC-68C4-446F-AE7E-8D27D5DD5F90}.Debug|Any CPU.ActiveCfg = Debug|Any CPU
		{224B5EDC-68C4-446F-AE7E-8D27D5DD5F90}.Debug|Any CPU.Build.0 = Debug|Any CPU
		{224B5EDC-68C4-446F-AE7E-8D27D5DD5F90}.Release|Any CPU.ActiveCfg = Release|Any CPU
		{224B5EDC-68C4-446F-AE7E-8D27D5DD5F90}.Release|Any CPU.Build.0 = Release|Any CPU
	EndGlobalSection
	GlobalSection(SolutionProperties) = preSolution
		HideSolutionNode = FALSE
	EndGlobalSection
	GlobalSection(ExtensibilityGlobals) = postSolution
		SolutionGuid = {5ED71B85-3B57-49A7-B159-3FAA142B8F2F}
	EndGlobalSection
EndGlobal
